
Microsoft Visual Studio Solution File, Format Version 12.00
# Visual Studio Version 17
VisualStudioVersion = 17.11.35208.52
MinimumVisualStudioVersion = 10.0.40219.1
Project("{FAE04EC0-301F-11D3-BF4B-00C04F79EFBC}") = "SharpNEX.Game", "SharpNEX.Game.csproj", "{98C6DFFB-FA75-4013-A0D8-D5B9CF41EA31}"
EndProject
Global
	GlobalSection(SolutionConfigurationPlatforms) = preSolution
		Debug|Any CPU = Debug|Any CPU
		Release|Any CPU = Release|Any CPU
	EndGlobalSection
	GlobalSection(ProjectConfigurationPlatforms) = postSolution
		{98C6DFFB-FA75-4013-A0D8-D5B9CF41EA31}.Debug|Any CPU.ActiveCfg = Debug|Any CPU
		{98C6DFFB-FA75-4013-A0D8-D5B9CF41EA31}.Debug|Any CPU.Build.0 = Debug|Any CPU
		{98C6DFFB-FA75-4013-A0D8-D5B9CF41EA31}.Release|Any CPU.ActiveCfg = Release|Any CPU
		{98C6DFFB-FA75-4013-A0D8-D5B9CF41EA31}.Release|Any CPU.Build.0 = Release|Any CPU
	EndGlobalSection
	GlobalSection(SolutionProperties) = preSolution
		HideSolutionNode = FALSE
	EndGlobalSection
	GlobalSection(ExtensibilityGlobals) = postSolution
		SolutionGuid = {72B1250B-629D-49E3-9B7A-FEF84D4E4A8B}
	EndGlobalSection
EndGlobal
